// !$*UTF8*$!
{
	archiveVersion = 1;
	classes = {
	};
	objectVersion = 46;
	objects = {

/* Begin PBXBuildFile section */
		3380CF741CD2D9C6009640DB /* AppDelegate.swift in Sources */ = {isa = PBXBuildFile; fileRef = 3380CF731CD2D9C6009640DB /* AppDelegate.swift */; };
		3380CF7B1CD2D9C6009640DB /* Main.storyboard in Resources */ = {isa = PBXBuildFile; fileRef = 3380CF791CD2D9C6009640DB /* Main.storyboard */; };
		3380CF7D1CD2D9C6009640DB /* Assets.xcassets in Resources */ = {isa = PBXBuildFile; fileRef = 3380CF7C1CD2D9C6009640DB /* Assets.xcassets */; };
		3380CF801CD2D9C6009640DB /* LaunchScreen.storyboard in Resources */ = {isa = PBXBuildFile; fileRef = 3380CF7E1CD2D9C6009640DB /* LaunchScreen.storyboard */; };
		3380CF881CD2DC16009640DB /* BookTicketsTableVC.swift in Sources */ = {isa = PBXBuildFile; fileRef = 3380CF871CD2DC16009640DB /* BookTicketsTableVC.swift */; };
		3380CF8B1CD2E2CD009640DB /* UseTicketsTableVC.swift in Sources */ = {isa = PBXBuildFile; fileRef = 3380CF8A1CD2E2CD009640DB /* UseTicketsTableVC.swift */; };
		3380CF8E1CD2E2FF009640DB /* tickets.json in Resources */ = {isa = PBXBuildFile; fileRef = 3380CF8D1CD2E2FF009640DB /* tickets.json */; };
		3380CF901CD2E35A009640DB /* HomeVC.swift in Sources */ = {isa = PBXBuildFile; fileRef = 3380CF8F1CD2E35A009640DB /* HomeVC.swift */; };
/* End PBXBuildFile section */

/* Begin PBXFileReference section */
		3380CF701CD2D9C6009640DB /* patraka.app */ = {isa = PBXFileReference; explicitFileType = wrapper.application; includeInIndex = 0; path = patraka.app; sourceTree = BUILT_PRODUCTS_DIR; };
		3380CF731CD2D9C6009640DB /* AppDelegate.swift */ = {isa = PBXFileReference; lastKnownFileType = sourcecode.swift; path = AppDelegate.swift; sourceTree = "<group>"; };
		3380CF7A1CD2D9C6009640DB /* Base */ = {isa = PBXFileReference; lastKnownFileType = file.storyboard; name = Base; path = Base.lproj/Main.storyboard; sourceTree = "<group>"; };
		3380CF7C1CD2D9C6009640DB /* Assets.xcassets */ = {isa = PBXFileReference; lastKnownFileType = folder.assetcatalog; path = Assets.xcassets; sourceTree = "<group>"; };
		3380CF7F1CD2D9C6009640DB /* Base */ = {isa = PBXFileReference; lastKnownFileType = file.storyboard; name = Base; path = Base.lproj/LaunchScreen.storyboard; sourceTree = "<group>"; };
		3380CF811CD2D9C6009640DB /* Info.plist */ = {isa = PBXFileReference; lastKnownFileType = text.plist.xml; path = Info.plist; sourceTree = "<group>"; };
		3380CF871CD2DC16009640DB /* BookTicketsTableVC.swift */ = {isa = PBXFileReference; fileEncoding = 4; lastKnownFileType = sourcecode.swift; path = BookTicketsTableVC.swift; sourceTree = "<group>"; };
		3380CF8A1CD2E2CD009640DB /* UseTicketsTableVC.swift */ = {isa = PBXFileReference; fileEncoding = 4; lastKnownFileType = sourcecode.swift; path = UseTicketsTableVC.swift; sourceTree = "<group>"; };
		3380CF8D1CD2E2FF009640DB /* tickets.json */ = {isa = PBXFileReference; fileEncoding = 4; lastKnownFileType = text.json; path = tickets.json; sourceTree = "<group>"; };
		3380CF8F1CD2E35A009640DB /* HomeVC.swift */ = {isa = PBXFileReference; fileEncoding = 4; lastKnownFileType = sourcecode.swift; path = HomeVC.swift; sourceTree = "<group>"; };
/* End PBXFileReference section */

/* Begin PBXFrameworksBuildPhase section */
		3380CF6D1CD2D9C6009640DB /* Frameworks */ = {
			isa = PBXFrameworksBuildPhase;
			buildActionMask = 2147483647;
			files = (
			);
			runOnlyForDeploymentPostprocessing = 0;
		};
/* End PBXFrameworksBuildPhase section */

/* Begin PBXGroup section */
		3380CF671CD2D9C6009640DB = {
			isa = PBXGroup;
			children = (
				3380CF721CD2D9C6009640DB /* patraka */,
				3380CF711CD2D9C6009640DB /* Products */,
			);
			sourceTree = "<group>";
		};
		3380CF711CD2D9C6009640DB /* Products */ = {
			isa = PBXGroup;
			children = (
				3380CF701CD2D9C6009640DB /* patraka.app */,
			);
			name = Products;
			sourceTree = "<group>";
		};
		3380CF721CD2D9C6009640DB /* patraka */ = {
			isa = PBXGroup;
			children = (
				3380CF8C1CD2E2D9009640DB /* temp */,
				3380CF891CD2E2A8009640DB /* Controllers */,
				3380CF731CD2D9C6009640DB /* AppDelegate.swift */,
				3380CF791CD2D9C6009640DB /* Main.storyboard */,
				3380CF7C1CD2D9C6009640DB /* Assets.xcassets */,
				3380CF7E1CD2D9C6009640DB /* LaunchScreen.storyboard */,
				3380CF811CD2D9C6009640DB /* Info.plist */,
			);
			path = patraka;
			sourceTree = "<group>";
		};
		3380CF891CD2E2A8009640DB /* Controllers */ = {
			isa = PBXGroup;
			children = (
				3380CF871CD2DC16009640DB /* BookTicketsTableVC.swift */,
				3380CF8A1CD2E2CD009640DB /* UseTicketsTableVC.swift */,
				3380CF8F1CD2E35A009640DB /* HomeVC.swift */,
			);
			name = Controllers;
			sourceTree = "<group>";
		};
		3380CF8C1CD2E2D9009640DB /* temp */ = {
			isa = PBXGroup;
			children = (
				3380CF8D1CD2E2FF009640DB /* tickets.json */,
			);
			name = temp;
			sourceTree = "<group>";
		};
/* End PBXGroup section */

/* Begin PBXNativeTarget section */
		3380CF6F1CD2D9C6009640DB /* patraka */ = {
			isa = PBXNativeTarget;
			buildConfigurationList = 3380CF841CD2D9C6009640DB /* Build configuration list for PBXNativeTarget "patraka" */;
			buildPhases = (
				3380CF6C1CD2D9C6009640DB /* Sources */,
				3380CF6D1CD2D9C6009640DB /* Frameworks */,
				3380CF6E1CD2D9C6009640DB /* Resources */,
			);
			buildRules = (
			);
			dependencies = (
			);
			name = patraka;
			productName = patraka;
			productReference = 3380CF701CD2D9C6009640DB /* patraka.app */;
			productType = "com.apple.product-type.application";
		};
/* End PBXNativeTarget section */

/* Begin PBXProject section */
		3380CF681CD2D9C6009640DB /* Project object */ = {
			isa = PBXProject;
			attributes = {
				LastSwiftUpdateCheck = 0730;
				LastUpgradeCheck = 0730;
				ORGANIZATIONNAME = "Tushar Tilwani";
				TargetAttributes = {
					3380CF6F1CD2D9C6009640DB = {
						CreatedOnToolsVersion = 7.3;
						DevelopmentTeam = R3J4YR7Q69;
					};
				};
			};
			buildConfigurationList = 3380CF6B1CD2D9C6009640DB /* Build configuration list for PBXProject "patraka" */;
			compatibilityVersion = "Xcode 3.2";
			developmentRegion = English;
			hasScannedForEncodings = 0;
			knownRegions = (
				en,
				Base,
			);
			mainGroup = 3380CF671CD2D9C6009640DB;
			productRefGroup = 3380CF711CD2D9C6009640DB /* Products */;
			projectDirPath = "";
			projectRoot = "";
			targets = (
				3380CF6F1CD2D9C6009640DB /* patraka */,
			);
		};
/* End PBXProject section */

/* Begin PBXResourcesBuildPhase section */
		3380CF6E1CD2D9C6009640DB /* Resources */ = {
			isa = PBXResourcesBuildPhase;
			buildActionMask = 2147483647;
			files = (
				3380CF801CD2D9C6009640DB /* LaunchScreen.storyboard in Resources */,
				3380CF7D1CD2D9C6009640DB /* Assets.xcassets in Resources */,
				3380CF7B1CD2D9C6009640DB /* Main.storyboard in Resources */,
				3380CF8E1CD2E2FF009640DB /* tickets.json in Resources */,
			);
			runOnlyForDeploymentPostprocessing = 0;
		};
/* End PBXResourcesBuildPhase section */

/* Begin PBXSourcesBuildPhase section */
		3380CF6C1CD2D9C6009640DB /* Sources */ = {
			isa = PBXSourcesBuildPhase;
			buildActionMask = 2147483647;
			files = (
				3380CF881CD2DC16009640DB /* BookTicketsTableVC.swift in Sources */,
				3380CF901CD2E35A009640DB /* HomeVC.swift in Sources */,
				3380CF741CD2D9C6009640DB /* AppDelegate.swift in Sources */,
				3380CF8B1CD2E2CD009640DB /* UseTicketsTableVC.swift in Sources */,
			);
			runOnlyForDeploymentPostprocessing = 0;
		};
/* End PBXSourcesBuildPhase section */

/* Begin PBXVariantGroup section */
		3380CF791CD2D9C6009640DB /* Main.storyboard */ = {
			isa = PBXVariantGroup;
			children = (
				3380CF7A1CD2D9C6009640DB /* Base */,
			);
			name = Main.storyboard;
			sourceTree = "<group>";
		};
		3380CF7E1CD2D9C6009640DB /* LaunchScreen.storyboard */ = {
			isa = PBXVariantGroup;
			children = (
				3380CF7F1CD2D9C6009640DB /* Base */,
			);
			name = LaunchScreen.storyboard;
			sourceTree = "<group>";
		};
/* End PBXVariantGroup section */

/* Begin XCBuildConfiguration section */
		3380CF821CD2D9C6009640DB /* Debug */ = {
			isa = XCBuildConfiguration;
			buildSettings = {
				ALWAYS_SEARCH_USER_PATHS = NO;
				CLANG_ANALYZER_NONNULL = YES;
				CLANG_CXX_LANGUAGE_STANDARD = "gnu++0x";
				CLANG_CXX_LIBRARY = "libc++";
				CLANG_ENABLE_MODULES = YES;
				CLANG_ENABLE_OBJC_ARC = YES;
				CLANG_WARN_BOOL_CONVERSION = YES;
				CLANG_WARN_CONSTANT_CONVERSION = YES;
				CLANG_WARN_DIRECT_OBJC_ISA_USAGE = YES_ERROR;
				CLANG_WARN_EMPTY_BODY = YES;
				CLANG_WARN_ENUM_CONVERSION = YES;
				CLANG_WARN_INT_CONVERSION = YES;
				CLANG_WARN_OBJC_ROOT_CLASS = YES_ERROR;
				CLANG_WARN_UNREACHABLE_CODE = YES;
				CLANG_WARN__DUPLICATE_METHOD_MATCH = YES;
				"CODE_SIGN_IDENTITY[sdk=iphoneos*]" = "iPhone Developer";
				COPY_PHASE_STRIP = NO;
				DEBUG_INFORMATION_FORMAT = dwarf;
				ENABLE_STRICT_OBJC_MSGSEND = YES;
				ENABLE_TESTABILITY = YES;
				GCC_C_LANGUAGE_STANDARD = gnu99;
				GCC_DYNAMIC_NO_PIC = NO;
				GCC_NO_COMMON_BLOCKS = YES;
				GCC_OPTIMIZATION_LEVEL = 0;
				GCC_PREPROCESSOR_DEFINITIONS = (
					"DEBUG=1",
					"$(inherited)",
				);
				GCC_WARN_64_TO_32_BIT_CONVERSION = YES;
				GCC_WARN_ABOUT_RETURN_TYPE = YES_ERROR;
				GCC_WARN_UNDECLARED_SELECTOR = YES;
				GCC_WARN_UNINITIALIZED_AUTOS = YES_AGGRESSIVE;
				GCC_WARN_UNUSED_FUNCTION = YES;
				GCC_WARN_UNUSED_VARIABLE = YES;
				IPHONEOS_DEPLOYMENT_TARGET = 9.3;
				MTL_ENABLE_DEBUG_INFO = YES;
				ONLY_ACTIVE_ARCH = YES;
				SDKROOT = iphoneos;
				SWIFT_OPTIMIZATION_LEVEL = "-Onone";
				TARGETED_DEVICE_FAMILY = "1,2";
			};
			name = Debug;
		};
		3380CF831CD2D9C6009640DB /* Release */ = {
			isa = XCBuildConfiguration;
			buildSettings = {
				ALWAYS_SEARCH_USER_PATHS = NO;
				CLANG_ANALYZER_NONNULL = YES;
				CLANG_CXX_LANGUAGE_STANDARD = "gnu++0x";
				CLANG_CXX_LIBRARY = "libc++";
				CLANG_ENABLE_MODULES = YES;
				CLANG_ENABLE_OBJC_ARC = YES;
				CLANG_WARN_BOOL_CONVERSION = YES;
				CLANG_WARN_CONSTANT_CONVERSION = YES;
				CLANG_WARN_DIRECT_OBJC_ISA_USAGE = YES_ERROR;
				CLANG_WARN_EMPTY_BODY = YES;
				CLANG_WARN_ENUM_CONVERSION = YES;
				CLANG_WARN_INT_CONVERSION = YES;
				CLANG_WARN_OBJC_ROOT_CLASS = YES_ERROR;
				CLANG_WARN_UNREACHABLE_CODE = YES;
				CLANG_WARN__DUPLICATE_METHOD_MATCH = YES;
				"CODE_SIGN_IDENTITY[sdk=iphoneos*]" = "iPhone Developer";
				COPY_PHASE_STRIP = NO;
				DEBUG_INFORMATION_FORMAT = "dwarf-with-dsym";
				ENABLE_NS_ASSERTIONS = NO;
				ENABLE_STRICT_OBJC_MSGSEND = YES;
				GCC_C_LANGUAGE_STANDARD = gnu99;
				GCC_NO_COMMON_BLOCKS = YES;
				GCC_WARN_64_TO_32_BIT_CONVERSION = YES;
				GCC_WARN_ABOUT_RETURN_TYPE = YES_ERROR;
				GCC_WARN_UNDECLARED_SELECTOR = YES;
				GCC_WARN_UNINITIALIZED_AUTOS = YES_AGGRESSIVE;
				GCC_WARN_UNUSED_FUNCTION = YES;
				GCC_WARN_UNUSED_VARIABLE = YES;
				IPHONEOS_DEPLOYMENT_TARGET = 9.3;
				MTL_ENABLE_DEBUG_INFO = NO;
				SDKROOT = iphoneos;
				TARGETED_DEVICE_FAMILY = "1,2";
				VALIDATE_PRODUCT = YES;
			};
			name = Release;
		};
		3380CF851CD2D9C6009640DB /* Debug */ = {
			isa = XCBuildConfiguration;
			buildSettings = {
				ASSETCATALOG_COMPILER_APPICON_NAME = AppIcon;
				CODE_SIGN_IDENTITY = "iPhone Developer";
				"CODE_SIGN_IDENTITY[sdk=iphoneos*]" = "iPhone Developer";
				INFOPLIST_FILE = patraka/Info.plist;
				LD_RUNPATH_SEARCH_PATHS = "$(inherited) @executable_path/Frameworks";
				PRODUCT_BUNDLE_IDENTIFIER = com.tilwani.patraka;
				PRODUCT_NAME = "$(TARGET_NAME)";
				PROVISIONING_PROFILE = "";
			};
			name = Debug;
		};
		3380CF861CD2D9C6009640DB /* Release */ = {
			isa = XCBuildConfiguration;
			buildSettings = {
				ASSETCATALOG_COMPILER_APPICON_NAME = AppIcon;
				CODE_SIGN_IDENTITY = "iPhone Developer";
				"CODE_SIGN_IDENTITY[sdk=iphoneos*]" = "iPhone Developer";
				INFOPLIST_FILE = patraka/Info.plist;
				LD_RUNPATH_SEARCH_PATHS = "$(inherited) @executable_path/Frameworks";
				PRODUCT_BUNDLE_IDENTIFIER = com.tilwani.patraka;
				PRODUCT_NAME = "$(TARGET_NAME)";
				PROVISIONING_PROFILE = "";
			};
			name = Release;
		};
/* End XCBuildConfiguration section */

/* Begin XCConfigurationList section */
		3380CF6B1CD2D9C6009640DB /* Build configuration list for PBXProject "patraka" */ = {
			isa = XCConfigurationList;
			buildConfigurations = (
				3380CF821CD2D9C6009640DB /* Debug */,
				3380CF831CD2D9C6009640DB /* Release */,
			);
			defaultConfigurationIsVisible = 0;
			defaultConfigurationName = Release;
		};
		3380CF841CD2D9C6009640DB /* Build configuration list for PBXNativeTarget "patraka" */ = {
			isa = XCConfigurationList;
			buildConfigurations = (
				3380CF851CD2D9C6009640DB /* Debug */,
				3380CF861CD2D9C6009640DB /* Release */,
			);
			defaultConfigurationIsVisible = 0;
		};
/* End XCConfigurationList section */
	};
	rootObject = 3380CF681CD2D9C6009640DB /* Project object */;
}
